// !$*UTF8*$!
{
	archiveVersion = 1;
	classes = {
	};
	objectVersion = 50;
	objects = {

/* Begin PBXBuildFile section */
		F99A75F324E380D0006B66C3 /* AppDelegate.swift in Sources */ = {isa = PBXBuildFile; fileRef = F99A75F224E380D0006B66C3 /* AppDelegate.swift */; };
		F99A75F524E380D0006B66C3 /* SceneDelegate.swift in Sources */ = {isa = PBXBuildFile; fileRef = F99A75F424E380D0006B66C3 /* SceneDelegate.swift */; };
		F99A75F724E380D0006B66C3 /* ViewController.swift in Sources */ = {isa = PBXBuildFile; fileRef = F99A75F624E380D0006B66C3 /* ViewController.swift */; };
		F99A75FA24E380D0006B66C3 /* Main.storyboard in Resources */ = {isa = PBXBuildFile; fileRef = F99A75F824E380D0006B66C3 /* Main.storyboard */; };
		F99A75FC24E380D1006B66C3 /* Assets.xcassets in Resources */ = {isa = PBXBuildFile; fileRef = F99A75FB24E380D1006B66C3 /* Assets.xcassets */; };
		F99A75FF24E380D1006B66C3 /* LaunchScreen.storyboard in Resources */ = {isa = PBXBuildFile; fileRef = F99A75FD24E380D1006B66C3 /* LaunchScreen.storyboard */; };
		F99A760A24E380D1006B66C3 /* ButtonItemSystemItemTests.swift in Sources */ = {isa = PBXBuildFile; fileRef = F99A760924E380D1006B66C3 /* ButtonItemSystemItemTests.swift */; };
		F99A761524E380D1006B66C3 /* ButtonItemSystemItemUITests.swift in Sources */ = {isa = PBXBuildFile; fileRef = F99A761424E380D1006B66C3 /* ButtonItemSystemItemUITests.swift */; };
		F99A762324E38179006B66C3 /* UIBarButtonItem.SystemItem+extention.swift in Sources */ = {isa = PBXBuildFile; fileRef = F99A762224E38179006B66C3 /* UIBarButtonItem.SystemItem+extention.swift */; };
/* End PBXBuildFile section */

/* Begin PBXContainerItemProxy section */
		F99A760624E380D1006B66C3 /* PBXContainerItemProxy */ = {
			isa = PBXContainerItemProxy;
			containerPortal = F99A75E724E380D0006B66C3 /* Project object */;
			proxyType = 1;
			remoteGlobalIDString = F99A75EE24E380D0006B66C3;
			remoteInfo = ButtonItemSystemItem;
		};
		F99A761124E380D1006B66C3 /* PBXContainerItemProxy */ = {
			isa = PBXContainerItemProxy;
			containerPortal = F99A75E724E380D0006B66C3 /* Project object */;
			proxyType = 1;
			remoteGlobalIDString = F99A75EE24E380D0006B66C3;
			remoteInfo = ButtonItemSystemItem;
		};
/* End PBXContainerItemProxy section */

/* Begin PBXFileReference section */
		F99A75EF24E380D0006B66C3 /* ButtonItemSystemItem.app */ = {isa = PBXFileReference; explicitFileType = wrapper.application; includeInIndex = 0; path = ButtonItemSystemItem.app; sourceTree = BUILT_PRODUCTS_DIR; };
		F99A75F224E380D0006B66C3 /* AppDelegate.swift */ = {isa = PBXFileReference; lastKnownFileType = sourcecode.swift; path = AppDelegate.swift; sourceTree = "<group>"; };
		F99A75F424E380D0006B66C3 /* SceneDelegate.swift */ = {isa = PBXFileReference; lastKnownFileType = sourcecode.swift; path = SceneDelegate.swift; sourceTree = "<group>"; };
		F99A75F624E380D0006B66C3 /* ViewController.swift */ = {isa = PBXFileReference; lastKnownFileType = sourcecode.swift; path = ViewController.swift; sourceTree = "<group>"; };
		F99A75F924E380D0006B66C3 /* Base */ = {isa = PBXFileReference; lastKnownFileType = file.storyboard; name = Base; path = Base.lproj/Main.storyboard; sourceTree = "<group>"; };
		F99A75FB24E380D1006B66C3 /* Assets.xcassets */ = {isa = PBXFileReference; lastKnownFileType = folder.assetcatalog; path = Assets.xcassets; sourceTree = "<group>"; };
		F99A75FE24E380D1006B66C3 /* Base */ = {isa = PBXFileReference; lastKnownFileType = file.storyboard; name = Base; path = Base.lproj/LaunchScreen.storyboard; sourceTree = "<group>"; };
		F99A760024E380D1006B66C3 /* Info.plist */ = {isa = PBXFileReference; lastKnownFileType = text.plist.xml; path = Info.plist; sourceTree = "<group>"; };
		F99A760524E380D1006B66C3 /* ButtonItemSystemItemTests.xctest */ = {isa = PBXFileReference; explicitFileType = wrapper.cfbundle; includeInIndex = 0; path = ButtonItemSystemItemTests.xctest; sourceTree = BUILT_PRODUCTS_DIR; };
		F99A760924E380D1006B66C3 /* ButtonItemSystemItemTests.swift */ = {isa = PBXFileReference; lastKnownFileType = sourcecode.swift; path = ButtonItemSystemItemTests.swift; sourceTree = "<group>"; };
		F99A760B24E380D1006B66C3 /* Info.plist */ = {isa = PBXFileReference; lastKnownFileType = text.plist.xml; path = Info.plist; sourceTree = "<group>"; };
		F99A761024E380D1006B66C3 /* ButtonItemSystemItemUITests.xctest */ = {isa = PBXFileReference; explicitFileType = wrapper.cfbundle; includeInIndex = 0; path = ButtonItemSystemItemUITests.xctest; sourceTree = BUILT_PRODUCTS_DIR; };
		F99A761424E380D1006B66C3 /* ButtonItemSystemItemUITests.swift */ = {isa = PBXFileReference; lastKnownFileType = sourcecode.swift; path = ButtonItemSystemItemUITests.swift; sourceTree = "<group>"; };
		F99A761624E380D1006B66C3 /* Info.plist */ = {isa = PBXFileReference; lastKnownFileType = text.plist.xml; path = Info.plist; sourceTree = "<group>"; };
		F99A762224E38179006B66C3 /* UIBarButtonItem.SystemItem+extention.swift */ = {isa = PBXFileReference; lastKnownFileType = sourcecode.swift; path = "UIBarButtonItem.SystemItem+extention.swift"; sourceTree = "<group>"; };
/* End PBXFileReference section */

/* Begin PBXFrameworksBuildPhase section */
		F99A75EC24E380D0006B66C3 /* Frameworks */ = {
			isa = PBXFrameworksBuildPhase;
			buildActionMask = 2147483647;
			files = (
			);
			runOnlyForDeploymentPostprocessing = 0;
		};
		F99A760224E380D1006B66C3 /* Frameworks */ = {
			isa = PBXFrameworksBuildPhase;
			buildActionMask = 2147483647;
			files = (
			);
			runOnlyForDeploymentPostprocessing = 0;
		};
		F99A760D24E380D1006B66C3 /* Frameworks */ = {
			isa = PBXFrameworksBuildPhase;
			buildActionMask = 2147483647;
			files = (
			);
			runOnlyForDeploymentPostprocessing = 0;
		};
/* End PBXFrameworksBuildPhase section */

/* Begin PBXGroup section */
		F99A75E624E380D0006B66C3 = {
			isa = PBXGroup;
			children = (
				F99A75F124E380D0006B66C3 /* ButtonItemSystemItem */,
				F99A760824E380D1006B66C3 /* ButtonItemSystemItemTests */,
				F99A761324E380D1006B66C3 /* ButtonItemSystemItemUITests */,
				F99A75F024E380D0006B66C3 /* Products */,
			);
			sourceTree = "<group>";
		};
		F99A75F024E380D0006B66C3 /* Products */ = {
			isa = PBXGroup;
			children = (
				F99A75EF24E380D0006B66C3 /* ButtonItemSystemItem.app */,
				F99A760524E380D1006B66C3 /* ButtonItemSystemItemTests.xctest */,
				F99A761024E380D1006B66C3 /* ButtonItemSystemItemUITests.xctest */,
			);
			name = Products;
			sourceTree = "<group>";
		};
		F99A75F124E380D0006B66C3 /* ButtonItemSystemItem */ = {
			isa = PBXGroup;
			children = (
				F99A75F224E380D0006B66C3 /* AppDelegate.swift */,
				F99A75F424E380D0006B66C3 /* SceneDelegate.swift */,
				F99A75F624E380D0006B66C3 /* ViewController.swift */,
				F99A75F824E380D0006B66C3 /* Main.storyboard */,
				F99A75FB24E380D1006B66C3 /* Assets.xcassets */,
				F99A75FD24E380D1006B66C3 /* LaunchScreen.storyboard */,
				F99A760024E380D1006B66C3 /* Info.plist */,
				F99A762224E38179006B66C3 /* UIBarButtonItem.SystemItem+extention.swift */,
			);
			path = ButtonItemSystemItem;
			sourceTree = "<group>";
		};
		F99A760824E380D1006B66C3 /* ButtonItemSystemItemTests */ = {
			isa = PBXGroup;
			children = (
				F99A760924E380D1006B66C3 /* ButtonItemSystemItemTests.swift */,
				F99A760B24E380D1006B66C3 /* Info.plist */,
			);
			path = ButtonItemSystemItemTests;
			sourceTree = "<group>";
		};
		F99A761324E380D1006B66C3 /* ButtonItemSystemItemUITests */ = {
			isa = PBXGroup;
			children = (
				F99A761424E380D1006B66C3 /* ButtonItemSystemItemUITests.swift */,
				F99A761624E380D1006B66C3 /* Info.plist */,
			);
			path = ButtonItemSystemItemUITests;
			sourceTree = "<group>";
		};
/* End PBXGroup section */

/* Begin PBXNativeTarget section */
		F99A75EE24E380D0006B66C3 /* ButtonItemSystemItem */ = {
			isa = PBXNativeTarget;
			buildConfigurationList = F99A761924E380D1006B66C3 /* Build configuration list for PBXNativeTarget "ButtonItemSystemItem" */;
			buildPhases = (
				F99A75EB24E380D0006B66C3 /* Sources */,
				F99A75EC24E380D0006B66C3 /* Frameworks */,
				F99A75ED24E380D0006B66C3 /* Resources */,
			);
			buildRules = (
			);
			dependencies = (
			);
			name = ButtonItemSystemItem;
			productName = ButtonItemSystemItem;
			productReference = F99A75EF24E380D0006B66C3 /* ButtonItemSystemItem.app */;
			productType = "com.apple.product-type.application";
		};
		F99A760424E380D1006B66C3 /* ButtonItemSystemItemTests */ = {
			isa = PBXNativeTarget;
			buildConfigurationList = F99A761C24E380D1006B66C3 /* Build configuration list for PBXNativeTarget "ButtonItemSystemItemTests" */;
			buildPhases = (
				F99A760124E380D1006B66C3 /* Sources */,
				F99A760224E380D1006B66C3 /* Frameworks */,
				F99A760324E380D1006B66C3 /* Resources */,
			);
			buildRules = (
			);
			dependencies = (
				F99A760724E380D1006B66C3 /* PBXTargetDependency */,
			);
			name = ButtonItemSystemItemTests;
			productName = ButtonItemSystemItemTests;
			productReference = F99A760524E380D1006B66C3 /* ButtonItemSystemItemTests.xctest */;
			productType = "com.apple.product-type.bundle.unit-test";
		};
		F99A760F24E380D1006B66C3 /* ButtonItemSystemItemUITests */ = {
			isa = PBXNativeTarget;
			buildConfigurationList = F99A761F24E380D1006B66C3 /* Build configuration list for PBXNativeTarget "ButtonItemSystemItemUITests" */;
			buildPhases = (
				F99A760C24E380D1006B66C3 /* Sources */,
				F99A760D24E380D1006B66C3 /* Frameworks */,
				F99A760E24E380D1006B66C3 /* Resources */,
			);
			buildRules = (
			);
			dependencies = (
				F99A761224E380D1006B66C3 /* PBXTargetDependency */,
			);
			name = ButtonItemSystemItemUITests;
			productName = ButtonItemSystemItemUITests;
			productReference = F99A761024E380D1006B66C3 /* ButtonItemSystemItemUITests.xctest */;
			productType = "com.apple.product-type.bundle.ui-testing";
		};
/* End PBXNativeTarget section */

/* Begin PBXProject section */
		F99A75E724E380D0006B66C3 /* Project object */ = {
			isa = PBXProject;
			attributes = {
				LastSwiftUpdateCheck = 1160;
				LastUpgradeCheck = 1160;
				ORGANIZATIONNAME = "ni-ta";
				TargetAttributes = {
					F99A75EE24E380D0006B66C3 = {
						CreatedOnToolsVersion = 11.6;
					};
					F99A760424E380D1006B66C3 = {
						CreatedOnToolsVersion = 11.6;
						TestTargetID = F99A75EE24E380D0006B66C3;
					};
					F99A760F24E380D1006B66C3 = {
						CreatedOnToolsVersion = 11.6;
						TestTargetID = F99A75EE24E380D0006B66C3;
					};
				};
			};
			buildConfigurationList = F99A75EA24E380D0006B66C3 /* Build configuration list for PBXProject "ButtonItemSystemItem" */;
			compatibilityVersion = "Xcode 9.3";
			developmentRegion = en;
			hasScannedForEncodings = 0;
			knownRegions = (
				en,
				Base,
			);
			mainGroup = F99A75E624E380D0006B66C3;
			productRefGroup = F99A75F024E380D0006B66C3 /* Products */;
			projectDirPath = "";
			projectRoot = "";
			targets = (
				F99A75EE24E380D0006B66C3 /* ButtonItemSystemItem */,
				F99A760424E380D1006B66C3 /* ButtonItemSystemItemTests */,
				F99A760F24E380D1006B66C3 /* ButtonItemSystemItemUITests */,
			);
		};
/* End PBXProject section */

/* Begin PBXResourcesBuildPhase section */
		F99A75ED24E380D0006B66C3 /* Resources */ = {
			isa = PBXResourcesBuildPhase;
			buildActionMask = 2147483647;
			files = (
				F99A75FF24E380D1006B66C3 /* LaunchScreen.storyboard in Resources */,
				F99A75FC24E380D1006B66C3 /* Assets.xcassets in Resources */,
				F99A75FA24E380D0006B66C3 /* Main.storyboard in Resources */,
			);
			runOnlyForDeploymentPostprocessing = 0;
		};
		F99A760324E380D1006B66C3 /* Resources */ = {
			isa = PBXResourcesBuildPhase;
			buildActionMask = 2147483647;
			files = (
			);
			runOnlyForDeploymentPostprocessing = 0;
		};
		F99A760E24E380D1006B66C3 /* Resources */ = {
			isa = PBXResourcesBuildPhase;
			buildActionMask = 2147483647;
			files = (
			);
			runOnlyForDeploymentPostprocessing = 0;
		};
/* End PBXResourcesBuildPhase section */

/* Begin PBXSourcesBuildPhase section */
		F99A75EB24E380D0006B66C3 /* Sources */ = {
			isa = PBXSourcesBuildPhase;
			buildActionMask = 2147483647;
			files = (
				F99A75F724E380D0006B66C3 /* ViewController.swift in Sources */,
				F99A75F324E380D0006B66C3 /* AppDelegate.swift in Sources */,
				F99A762324E38179006B66C3 /* UIBarButtonItem.SystemItem+extention.swift in Sources */,
				F99A75F524E380D0006B66C3 /* SceneDelegate.swift in Sources */,
			);
			runOnlyForDeploymentPostprocessing = 0;
		};
		F99A760124E380D1006B66C3 /* Sources */ = {
			isa = PBXSourcesBuildPhase;
			buildActionMask = 2147483647;
			files = (
				F99A760A24E380D1006B66C3 /* ButtonItemSystemItemTests.swift in Sources */,
			);
			runOnlyForDeploymentPostprocessing = 0;
		};
		F99A760C24E380D1006B66C3 /* Sources */ = {
			isa = PBXSourcesBuildPhase;
			buildActionMask = 2147483647;
			files = (
				F99A761524E380D1006B66C3 /* ButtonItemSystemItemUITests.swift in Sources */,
			);
			runOnlyForDeploymentPostprocessing = 0;
		};
/* End PBXSourcesBuildPhase section */

/* Begin PBXTargetDependency section */
		F99A760724E380D1006B66C3 /* PBXTargetDependency */ = {
			isa = PBXTargetDependency;
			target = F99A75EE24E380D0006B66C3 /* ButtonItemSystemItem */;
			targetProxy = F99A760624E380D1006B66C3 /* PBXContainerItemProxy */;
		};
		F99A761224E380D1006B66C3 /* PBXTargetDependency */ = {
			isa = PBXTargetDependency;
			target = F99A75EE24E380D0006B66C3 /* ButtonItemSystemItem */;
			targetProxy = F99A761124E380D1006B66C3 /* PBXContainerItemProxy */;
		};
/* End PBXTargetDependency section */

/* Begin PBXVariantGroup section */
		F99A75F824E380D0006B66C3 /* Main.storyboard */ = {
			isa = PBXVariantGroup;
			children = (
				F99A75F924E380D0006B66C3 /* Base */,
			);
			name = Main.storyboard;
			sourceTree = "<group>";
		};
		F99A75FD24E380D1006B66C3 /* LaunchScreen.storyboard */ = {
			isa = PBXVariantGroup;
			children = (
				F99A75FE24E380D1006B66C3 /* Base */,
			);
			name = LaunchScreen.storyboard;
			sourceTree = "<group>";
		};
/* End PBXVariantGroup section */

/* Begin XCBuildConfiguration section */
		F99A761724E380D1006B66C3 /* Debug */ = {
			isa = XCBuildConfiguration;
			buildSettings = {
				ALWAYS_SEARCH_USER_PATHS = NO;
				CLANG_ANALYZER_NONNULL = YES;
				CLANG_ANALYZER_NUMBER_OBJECT_CONVERSION = YES_AGGRESSIVE;
				CLANG_CXX_LANGUAGE_STANDARD = "gnu++14";
				CLANG_CXX_LIBRARY = "libc++";
				CLANG_ENABLE_MODULES = YES;
				CLANG_ENABLE_OBJC_ARC = YES;
				CLANG_ENABLE_OBJC_WEAK = YES;
				CLANG_WARN_BLOCK_CAPTURE_AUTORELEASING = YES;
				CLANG_WARN_BOOL_CONVERSION = YES;
				CLANG_WARN_COMMA = YES;
				CLANG_WARN_CONSTANT_CONVERSION = YES;
				CLANG_WARN_DEPRECATED_OBJC_IMPLEMENTATIONS = YES;
				CLANG_WARN_DIRECT_OBJC_ISA_USAGE = YES_ERROR;
				CLANG_WARN_DOCUMENTATION_COMMENTS = YES;
				CLANG_WARN_EMPTY_BODY = YES;
				CLANG_WARN_ENUM_CONVERSION = YES;
				CLANG_WARN_INFINITE_RECURSION = YES;
				CLANG_WARN_INT_CONVERSION = YES;
				CLANG_WARN_NON_LITERAL_NULL_CONVERSION = YES;
				CLANG_WARN_OBJC_IMPLICIT_RETAIN_SELF = YES;
				CLANG_WARN_OBJC_LITERAL_CONVERSION = YES;
				CLANG_WARN_OBJC_ROOT_CLASS = YES_ERROR;
				CLANG_WARN_RANGE_LOOP_ANALYSIS = YES;
				CLANG_WARN_STRICT_PROTOTYPES = YES;
				CLANG_WARN_SUSPICIOUS_MOVE = YES;
				CLANG_WARN_UNGUARDED_AVAILABILITY = YES_AGGRESSIVE;
				CLANG_WARN_UNREACHABLE_CODE = YES;
				CLANG_WARN__DUPLICATE_METHOD_MATCH = YES;
				COPY_PHASE_STRIP = NO;
				DEBUG_INFORMATION_FORMAT = dwarf;
				ENABLE_STRICT_OBJC_MSGSEND = YES;
				ENABLE_TESTABILITY = YES;
				GCC_C_LANGUAGE_STANDARD = gnu11;
				GCC_DYNAMIC_NO_PIC = NO;
				GCC_NO_COMMON_BLOCKS = YES;
				GCC_OPTIMIZATION_LEVEL = 0;
				GCC_PREPROCESSOR_DEFINITIONS = (
					"DEBUG=1",
					"$(inherited)",
				);
				GCC_WARN_64_TO_32_BIT_CONVERSION = YES;
				GCC_WARN_ABOUT_RETURN_TYPE = YES_ERROR;
				GCC_WARN_UNDECLARED_SELECTOR = YES;
				GCC_WARN_UNINITIALIZED_AUTOS = YES_AGGRESSIVE;
				GCC_WARN_UNUSED_FUNCTION = YES;
				GCC_WARN_UNUSED_VARIABLE = YES;
				IPHONEOS_DEPLOYMENT_TARGET = 13.6;
				MTL_ENABLE_DEBUG_INFO = INCLUDE_SOURCE;
				MTL_FAST_MATH = YES;
				ONLY_ACTIVE_ARCH = YES;
				SDKROOT = iphoneos;
				SWIFT_ACTIVE_COMPILATION_CONDITIONS = DEBUG;
				SWIFT_OPTIMIZATION_LEVEL = "-Onone";
			};
			name = Debug;
		};
		F99A761824E380D1006B66C3 /* Release */ = {
			isa = XCBuildConfiguration;
			buildSettings = {
				ALWAYS_SEARCH_USER_PATHS = NO;
				CLANG_ANALYZER_NONNULL = YES;
				CLANG_ANALYZER_NUMBER_OBJECT_CONVERSION = YES_AGGRESSIVE;
				CLANG_CXX_LANGUAGE_STANDARD = "gnu++14";
				CLANG_CXX_LIBRARY = "libc++";
				CLANG_ENABLE_MODULES = YES;
				CLANG_ENABLE_OBJC_ARC = YES;
				CLANG_ENABLE_OBJC_WEAK = YES;
				CLANG_WARN_BLOCK_CAPTURE_AUTORELEASING = YES;
				CLANG_WARN_BOOL_CONVERSION = YES;
				CLANG_WARN_COMMA = YES;
				CLANG_WARN_CONSTANT_CONVERSION = YES;
				CLANG_WARN_DEPRECATED_OBJC_IMPLEMENTATIONS = YES;
				CLANG_WARN_DIRECT_OBJC_ISA_USAGE = YES_ERROR;
				CLANG_WARN_DOCUMENTATION_COMMENTS = YES;
				CLANG_WARN_EMPTY_BODY = YES;
				CLANG_WARN_ENUM_CONVERSION = YES;
				CLANG_WARN_INFINITE_RECURSION = YES;
				CLANG_WARN_INT_CONVERSION = YES;
				CLANG_WARN_NON_LITERAL_NULL_CONVERSION = YES;
				CLANG_WARN_OBJC_IMPLICIT_RETAIN_SELF = YES;
				CLANG_WARN_OBJC_LITERAL_CONVERSION = YES;
				CLANG_WARN_OBJC_ROOT_CLASS = YES_ERROR;
				CLANG_WARN_RANGE_LOOP_ANALYSIS = YES;
				CLANG_WARN_STRICT_PROTOTYPES = YES;
				CLANG_WARN_SUSPICIOUS_MOVE = YES;
				CLANG_WARN_UNGUARDED_AVAILABILITY = YES_AGGRESSIVE;
				CLANG_WARN_UNREACHABLE_CODE = YES;
				CLANG_WARN__DUPLICATE_METHOD_MATCH = YES;
				COPY_PHASE_STRIP = NO;
				DEBUG_INFORMATION_FORMAT = "dwarf-with-dsym";
				ENABLE_NS_ASSERTIONS = NO;
				ENABLE_STRICT_OBJC_MSGSEND = YES;
				GCC_C_LANGUAGE_STANDARD = gnu11;
				GCC_NO_COMMON_BLOCKS = YES;
				GCC_WARN_64_TO_32_BIT_CONVERSION = YES;
				GCC_WARN_ABOUT_RETURN_TYPE = YES_ERROR;
				GCC_WARN_UNDECLARED_SELECTOR = YES;
				GCC_WARN_UNINITIALIZED_AUTOS = YES_AGGRESSIVE;
				GCC_WARN_UNUSED_FUNCTION = YES;
				GCC_WARN_UNUSED_VARIABLE = YES;
				IPHONEOS_DEPLOYMENT_TARGET = 13.6;
				MTL_ENABLE_DEBUG_INFO = NO;
				MTL_FAST_MATH = YES;
				SDKROOT = iphoneos;
				SWIFT_COMPILATION_MODE = wholemodule;
				SWIFT_OPTIMIZATION_LEVEL = "-O";
				VALIDATE_PRODUCT = YES;
			};
			name = Release;
		};
		F99A761A24E380D1006B66C3 /* Debug */ = {
			isa = XCBuildConfiguration;
			buildSettings = {
				ASSETCATALOG_COMPILER_APPICON_NAME = AppIcon;
				CODE_SIGN_STYLE = Automatic;
				INFOPLIST_FILE = ButtonItemSystemItem/Info.plist;
				IPHONEOS_DEPLOYMENT_TARGET = 11.0;
				LD_RUNPATH_SEARCH_PATHS = (
					"$(inherited)",
					"@executable_path/Frameworks",
				);
				PRODUCT_BUNDLE_IDENTIFIER = "com.ni-ta.ButtonItemSystemItem";
				PRODUCT_NAME = "$(TARGET_NAME)";
				SWIFT_VERSION = 5.0;
				TARGETED_DEVICE_FAMILY = "1,2";
			};
			name = Debug;
		};
		F99A761B24E380D1006B66C3 /* Release */ = {
			isa = XCBuildConfiguration;
			buildSettings = {
				ASSETCATALOG_COMPILER_APPICON_NAME = AppIcon;
				CODE_SIGN_STYLE = Automatic;
				INFOPLIST_FILE = ButtonItemSystemItem/Info.plist;
				IPHONEOS_DEPLOYMENT_TARGET = 11.0;
				LD_RUNPATH_SEARCH_PATHS = (
					"$(inherited)",
					"@executable_path/Frameworks",
				);
				PRODUCT_BUNDLE_IDENTIFIER = "com.ni-ta.ButtonItemSystemItem";
				PRODUCT_NAME = "$(TARGET_NAME)";
				SWIFT_VERSION = 5.0;
				TARGETED_DEVICE_FAMILY = "1,2";
			};
			name = Release;
		};
		F99A761D24E380D1006B66C3 /* Debug */ = {
			isa = XCBuildConfiguration;
			buildSettings = {
				ALWAYS_EMBED_SWIFT_STANDARD_LIBRARIES = YES;
				BUNDLE_LOADER = "$(TEST_HOST)";
				CODE_SIGN_STYLE = Automatic;
				INFOPLIST_FILE = ButtonItemSystemItemTests/Info.plist;
				IPHONEOS_DEPLOYMENT_TARGET = 13.6;
				LD_RUNPATH_SEARCH_PATHS = (
					"$(inherited)",
					"@executable_path/Frameworks",
					"@loader_path/Frameworks",
				);
				PRODUCT_BUNDLE_IDENTIFIER = "com.ni-ta.ButtonItemSystemItemTests";
				PRODUCT_NAME = "$(TARGET_NAME)";
				SWIFT_VERSION = 5.0;
				TARGETED_DEVICE_FAMILY = "1,2";
				TEST_HOST = "$(BUILT_PRODUCTS_DIR)/ButtonItemSystemItem.app/ButtonItemSystemItem";
			};
			name = Debug;
		};
		F99A761E24E380D1006B66C3 /* Release */ = {
			isa = XCBuildConfiguration;
			buildSettings = {
				ALWAYS_EMBED_SWIFT_STANDARD_LIBRARIES = YES;
				BUNDLE_LOADER = "$(TEST_HOST)";
				CODE_SIGN_STYLE = Automatic;
				INFOPLIST_FILE = ButtonItemSystemItemTests/Info.plist;
				IPHONEOS_DEPLOYMENT_TARGET = 13.6;
				LD_RUNPATH_SEARCH_PATHS = (
					"$(inherited)",
					"@executable_path/Frameworks",
					"@loader_path/Frameworks",
				);
				PRODUCT_BUNDLE_IDENTIFIER = "com.ni-ta.ButtonItemSystemItemTests";
				PRODUCT_NAME = "$(TARGET_NAME)";
				SWIFT_VERSION = 5.0;
				TARGETED_DEVICE_FAMILY = "1,2";
				TEST_HOST = "$(BUILT_PRODUCTS_DIR)/ButtonItemSystemItem.app/ButtonItemSystemItem";
			};
			name = Release;
		};
		F99A762024E380D1006B66C3 /* Debug */ = {
			isa = XCBuildConfiguration;
			buildSettings = {
				ALWAYS_EMBED_SWIFT_STANDARD_LIBRARIES = YES;
				CODE_SIGN_STYLE = Automatic;
				INFOPLIST_FILE = ButtonItemSystemItemUITests/Info.plist;
				LD_RUNPATH_SEARCH_PATHS = (
					"$(inherited)",
					"@executable_path/Frameworks",
					"@loader_path/Frameworks",
				);
				PRODUCT_BUNDLE_IDENTIFIER = "com.ni-ta.ButtonItemSystemItemUITests";
				PRODUCT_NAME = "$(TARGET_NAME)";
				SWIFT_VERSION = 5.0;
				TARGETED_DEVICE_FAMILY = "1,2";
				TEST_TARGET_NAME = ButtonItemSystemItem;
			};
			name = Debug;
		};
		F99A762124E380D1006B66C3 /* Release */ = {
			isa = XCBuildConfiguration;
			buildSettings = {
				ALWAYS_EMBED_SWIFT_STANDARD_LIBRARIES = YES;
				CODE_SIGN_STYLE = Automatic;
				INFOPLIST_FILE = ButtonItemSystemItemUITests/Info.plist;
				LD_RUNPATH_SEARCH_PATHS = (
					"$(inherited)",
					"@executable_path/Frameworks",
					"@loader_path/Frameworks",
				);
				PRODUCT_BUNDLE_IDENTIFIER = "com.ni-ta.ButtonItemSystemItemUITests";
				PRODUCT_NAME = "$(TARGET_NAME)";
				SWIFT_VERSION = 5.0;
				TARGETED_DEVICE_FAMILY = "1,2";
				TEST_TARGET_NAME = ButtonItemSystemItem;
			};
			name = Release;
		};
/* End XCBuildConfiguration section */

/* Begin XCConfigurationList section */
		F99A75EA24E380D0006B66C3 /* Build configuration list for PBXProject "ButtonItemSystemItem" */ = {
			isa = XCConfigurationList;
			buildConfigurations = (
				F99A761724E380D1006B66C3 /* Debug */,
				F99A761824E380D1006B66C3 /* Release */,
			);
			defaultConfigurationIsVisible = 0;
			defaultConfigurationName = Release;
		};
		F99A761924E380D1006B66C3 /* Build configuration list for PBXNativeTarget "ButtonItemSystemItem" */ = {
			isa = XCConfigurationList;
			buildConfigurations = (
				F99A761A24E380D1006B66C3 /* Debug */,
				F99A761B24E380D1006B66C3 /* Release */,
			);
			defaultConfigurationIsVisible = 0;
			defaultConfigurationName = Release;
		};
		F99A761C24E380D1006B66C3 /* Build configuration list for PBXNativeTarget "ButtonItemSystemItemTests" */ = {
			isa = XCConfigurationList;
			buildConfigurations = (
				F99A761D24E380D1006B66C3 /* Debug */,
				F99A761E24E380D1006B66C3 /* Release */,
			);
			defaultConfigurationIsVisible = 0;
			defaultConfigurationName = Release;
		};
		F99A761F24E380D1006B66C3 /* Build configuration list for PBXNativeTarget "ButtonItemSystemItemUITests" */ = {
			isa = XCConfigurationList;
			buildConfigurations = (
				F99A762024E380D1006B66C3 /* Debug */,
				F99A762124E380D1006B66C3 /* Release */,
			);
			defaultConfigurationIsVisible = 0;
			defaultConfigurationName = Release;
		};
/* End XCConfigurationList section */
	};
	rootObject = F99A75E724E380D0006B66C3 /* Project object */;
}
